
Microsoft Visual Studio Solution File, Format Version 12.00
# Visual Studio 15
VisualStudioVersion = 15.0.28307.902
MinimumVisualStudioVersion = 10.0.40219.1
Project("{8BC9CEB8-8B4A-11D0-8D11-00A0C91BC942}") = "SortingAlgorithm", "SortingAlgorithm.vcxproj", "{84A3FF5A-5D0A-4A86-B0E8-EE73D3E84388}"
EndProject
Global
	GlobalSection(SolutionConfigurationPlatforms) = preSolution
		Debug|x64 = Debug|x64
		Debug|x86 = Debug|x86
		Release|x64 = Release|x64
		Release|x86 = Release|x86
	EndGlobalSection
	GlobalSection(ProjectConfigurationPlatforms) = postSolution
		{84A3FF5A-5D0A-4A86-B0E8-EE73D3E84388}.Debug|x64.ActiveCfg = Debug|x64
		{84A3FF5A-5D0A-4A86-B0E8-EE73D3E84388}.Debug|x64.Build.0 = Debug|x64
		{84A3FF5A-5D0A-4A86-B0E8-EE73D3E84388}.Debug|x86.ActiveCfg = Debug|Win32
		{84A3FF5A-5D0A-4A86-B0E8-EE73D3E84388}.Debug|x86.Build.0 = Debug|Win32
		{84A3FF5A-5D0A-4A86-B0E8-EE73D3E84388}.Release|x64.ActiveCfg = Release|x64
		{84A3FF5A-5D0A-4A86-B0E8-EE73D3E84388}.Release|x64.Build.0 = Release|x64
		{84A3FF5A-5D0A-4A86-B0E8-EE73D3E84388}.Release|x86.ActiveCfg = Release|Win32
		{84A3FF5A-5D0A-4A86-B0E8-EE73D3E84388}.Release|x86.Build.0 = Release|Win32
	EndGlobalSection
	GlobalSection(SolutionProperties) = preSolution
		HideSolutionNode = FALSE
	EndGlobalSection
	GlobalSection(ExtensibilityGlobals) = postSolution
		SolutionGuid = {464B3AE3-EED6-4B95-84F3-DDFB899B600C}
	EndGlobalSection
EndGlobal
